{
  "nodes": {
    "devshell-flake": {
      "locked": {
        "lastModified": 1624738949,
        "narHash": "sha256-62pEoJ1jQARZ/fAuTw67j8MqTShd8BBm+ZoSs7aeJus=",
        "owner": "numtide",
        "repo": "devshell",
        "rev": "d4be23644b0b6471d556503e03cae3215d3f9cf6",
        "type": "github"
      },
      "original": {
        "owner": "numtide",
        "repo": "devshell",
        "type": "github"
      }
    },
    "devshell-flake_2": {
      "locked": {
        "lastModified": 1624738949,
        "narHash": "sha256-62pEoJ1jQARZ/fAuTw67j8MqTShd8BBm+ZoSs7aeJus=",
        "owner": "numtide",
        "repo": "devshell",
        "rev": "d4be23644b0b6471d556503e03cae3215d3f9cf6",
        "type": "github"
      },
      "original": {
        "owner": "numtide",
        "repo": "devshell",
        "type": "github"
      }
    },
    "devshell-flake_3": {
      "locked": {
        "lastModified": 1618523768,
        "narHash": "sha256-Gev9da35pHUey3kGz/zrJFc/9ICs++vPCho7qB1mqd8=",
        "owner": "numtide",
        "repo": "devshell",
        "rev": "709fe4d04a9101c9d224ad83f73416dce71baf21",
        "type": "github"
      },
      "original": {
        "owner": "numtide",
        "repo": "devshell",
        "type": "github"
      }
    },
    "devshell-flake_4": {
      "locked": {
        "lastModified": 1624738949,
        "narHash": "sha256-62pEoJ1jQARZ/fAuTw67j8MqTShd8BBm+ZoSs7aeJus=",
        "owner": "numtide",
        "repo": "devshell",
        "rev": "d4be23644b0b6471d556503e03cae3215d3f9cf6",
        "type": "github"
      },
      "original": {
        "owner": "numtide",
        "repo": "devshell",
        "type": "github"
      }
    },
    "devshell-flake_5": {
      "locked": {
        "lastModified": 1622711433,
        "narHash": "sha256-rGjXz7FA7HImAT3TtoqwecByLO5yhVPSwPdaYPBFRQw=",
        "owner": "numtide",
        "repo": "devshell",
        "rev": "1f4fb67b662b65fa7cfe696fc003fcc1e8f7cc36",
        "type": "github"
      },
      "original": {
        "owner": "numtide",
        "repo": "devshell",
        "type": "github"
      }
    },
    "devshell-flake_6": {
      "locked": {
        "lastModified": 1624738949,
        "narHash": "sha256-62pEoJ1jQARZ/fAuTw67j8MqTShd8BBm+ZoSs7aeJus=",
        "owner": "numtide",
        "repo": "devshell",
        "rev": "d4be23644b0b6471d556503e03cae3215d3f9cf6",
        "type": "github"
      },
      "original": {
        "owner": "numtide",
        "repo": "devshell",
        "type": "github"
      }
    },
    "flake-compat": {
      "flake": false,
      "locked": {
        "lastModified": 1606424373,
        "narHash": "sha256-oq8d4//CJOrVj+EcOaSXvMebvuTkmBJuT5tzlfewUnQ=",
        "owner": "edolstra",
        "repo": "flake-compat",
        "rev": "99f1c2157fba4bfe6211a321fd0ee43199025dbf",
        "type": "github"
      },
      "original": {
        "owner": "edolstra",
        "repo": "flake-compat",
        "type": "github"
      }
    },
    "flake-compat_10": {
      "flake": false,
      "locked": {
        "lastModified": 1606424373,
        "narHash": "sha256-oq8d4//CJOrVj+EcOaSXvMebvuTkmBJuT5tzlfewUnQ=",
        "owner": "edolstra",
        "repo": "flake-compat",
        "rev": "99f1c2157fba4bfe6211a321fd0ee43199025dbf",
        "type": "github"
      },
      "original": {
        "owner": "edolstra",
        "repo": "flake-compat",
        "type": "github"
      }
    },
    "flake-compat_11": {
      "flake": false,
      "locked": {
        "lastModified": 1606424373,
        "narHash": "sha256-oq8d4//CJOrVj+EcOaSXvMebvuTkmBJuT5tzlfewUnQ=",
        "owner": "edolstra",
        "repo": "flake-compat",
        "rev": "99f1c2157fba4bfe6211a321fd0ee43199025dbf",
        "type": "github"
      },
      "original": {
        "owner": "edolstra",
        "repo": "flake-compat",
        "type": "github"
      }
    },
    "flake-compat_12": {
      "flake": false,
      "locked": {
        "lastModified": 1606424373,
        "narHash": "sha256-oq8d4//CJOrVj+EcOaSXvMebvuTkmBJuT5tzlfewUnQ=",
        "owner": "edolstra",
        "repo": "flake-compat",
        "rev": "99f1c2157fba4bfe6211a321fd0ee43199025dbf",
        "type": "github"
      },
      "original": {
        "owner": "edolstra",
        "repo": "flake-compat",
        "type": "github"
      }
    },
    "flake-compat_2": {
      "flake": false,
      "locked": {
        "lastModified": 1606424373,
        "narHash": "sha256-oq8d4//CJOrVj+EcOaSXvMebvuTkmBJuT5tzlfewUnQ=",
        "owner": "edolstra",
        "repo": "flake-compat",
        "rev": "99f1c2157fba4bfe6211a321fd0ee43199025dbf",
        "type": "github"
      },
      "original": {
        "owner": "edolstra",
        "repo": "flake-compat",
        "type": "github"
      }
    },
    "flake-compat_3": {
      "flake": false,
      "locked": {
        "lastModified": 1606424373,
        "narHash": "sha256-oq8d4//CJOrVj+EcOaSXvMebvuTkmBJuT5tzlfewUnQ=",
        "owner": "edolstra",
        "repo": "flake-compat",
        "rev": "99f1c2157fba4bfe6211a321fd0ee43199025dbf",
        "type": "github"
      },
      "original": {
        "owner": "edolstra",
        "repo": "flake-compat",
        "type": "github"
      }
    },
    "flake-compat_4": {
      "flake": false,
      "locked": {
        "lastModified": 1606424373,
        "narHash": "sha256-oq8d4//CJOrVj+EcOaSXvMebvuTkmBJuT5tzlfewUnQ=",
        "owner": "edolstra",
        "repo": "flake-compat",
        "rev": "99f1c2157fba4bfe6211a321fd0ee43199025dbf",
        "type": "github"
      },
      "original": {
        "owner": "edolstra",
        "repo": "flake-compat",
        "type": "github"
      }
    },
    "flake-compat_5": {
      "flake": false,
      "locked": {
        "lastModified": 1606424373,
        "narHash": "sha256-oq8d4//CJOrVj+EcOaSXvMebvuTkmBJuT5tzlfewUnQ=",
        "owner": "edolstra",
        "repo": "flake-compat",
        "rev": "99f1c2157fba4bfe6211a321fd0ee43199025dbf",
        "type": "github"
      },
      "original": {
        "owner": "edolstra",
        "repo": "flake-compat",
        "type": "github"
      }
    },
    "flake-compat_6": {
      "flake": false,
      "locked": {
        "lastModified": 1606424373,
        "narHash": "sha256-oq8d4//CJOrVj+EcOaSXvMebvuTkmBJuT5tzlfewUnQ=",
        "owner": "edolstra",
        "repo": "flake-compat",
        "rev": "99f1c2157fba4bfe6211a321fd0ee43199025dbf",
        "type": "github"
      },
      "original": {
        "owner": "edolstra",
        "repo": "flake-compat",
        "type": "github"
      }
    },
    "flake-compat_7": {
      "flake": false,
      "locked": {
        "lastModified": 1606424373,
        "narHash": "sha256-oq8d4//CJOrVj+EcOaSXvMebvuTkmBJuT5tzlfewUnQ=",
        "owner": "edolstra",
        "repo": "flake-compat",
        "rev": "99f1c2157fba4bfe6211a321fd0ee43199025dbf",
        "type": "github"
      },
      "original": {
        "owner": "edolstra",
        "repo": "flake-compat",
        "type": "github"
      }
    },
    "flake-compat_8": {
      "flake": false,
      "locked": {
        "lastModified": 1606424373,
        "narHash": "sha256-oq8d4//CJOrVj+EcOaSXvMebvuTkmBJuT5tzlfewUnQ=",
        "owner": "edolstra",
        "repo": "flake-compat",
        "rev": "99f1c2157fba4bfe6211a321fd0ee43199025dbf",
        "type": "github"
      },
      "original": {
        "owner": "edolstra",
        "repo": "flake-compat",
        "type": "github"
      }
    },
    "flake-compat_9": {
      "flake": false,
      "locked": {
        "lastModified": 1606424373,
        "narHash": "sha256-oq8d4//CJOrVj+EcOaSXvMebvuTkmBJuT5tzlfewUnQ=",
        "owner": "edolstra",
        "repo": "flake-compat",
        "rev": "99f1c2157fba4bfe6211a321fd0ee43199025dbf",
        "type": "github"
      },
      "original": {
        "owner": "edolstra",
        "repo": "flake-compat",
        "type": "github"
      }
    },
    "flake-utils": {
      "locked": {
        "lastModified": 1623875721,
        "narHash": "sha256-A8BU7bjS5GirpAUv4QA+QnJ4CceLHkcXdRp4xITDB0s=",
        "owner": "numtide",
        "repo": "flake-utils",
        "rev": "f7e004a55b120c02ecb6219596820fcd32ca8772",
        "type": "github"
      },
      "original": {
        "owner": "numtide",
        "repo": "flake-utils",
        "type": "github"
      }
    },
    "flake-utils_10": {
      "locked": {
        "lastModified": 1620759905,
        "narHash": "sha256-WiyWawrgmyN0EdmiHyG2V+fqReiVi8bM9cRdMaKQOFg=",
        "owner": "numtide",
        "repo": "flake-utils",
        "rev": "b543720b25df6ffdfcf9227afafc5b8c1fabfae8",
        "type": "github"
      },
      "original": {
        "owner": "numtide",
        "repo": "flake-utils",
        "type": "github"
      }
    },
    "flake-utils_11": {
      "locked": {
        "lastModified": 1623875721,
        "narHash": "sha256-A8BU7bjS5GirpAUv4QA+QnJ4CceLHkcXdRp4xITDB0s=",
        "owner": "numtide",
        "repo": "flake-utils",
        "rev": "f7e004a55b120c02ecb6219596820fcd32ca8772",
        "type": "github"
      },
      "original": {
        "owner": "numtide",
        "repo": "flake-utils",
        "type": "github"
      }
    },
    "flake-utils_12": {
      "locked": {
        "lastModified": 1620759905,
        "narHash": "sha256-WiyWawrgmyN0EdmiHyG2V+fqReiVi8bM9cRdMaKQOFg=",
        "owner": "numtide",
        "repo": "flake-utils",
        "rev": "b543720b25df6ffdfcf9227afafc5b8c1fabfae8",
        "type": "github"
      },
      "original": {
        "owner": "numtide",
        "repo": "flake-utils",
        "type": "github"
      }
    },
    "flake-utils_2": {
      "locked": {
        "lastModified": 1620759905,
        "narHash": "sha256-WiyWawrgmyN0EdmiHyG2V+fqReiVi8bM9cRdMaKQOFg=",
        "owner": "numtide",
        "repo": "flake-utils",
        "rev": "b543720b25df6ffdfcf9227afafc5b8c1fabfae8",
        "type": "github"
      },
      "original": {
        "owner": "numtide",
        "repo": "flake-utils",
        "type": "github"
      }
    },
    "flake-utils_3": {
      "locked": {
        "lastModified": 1620759905,
        "narHash": "sha256-WiyWawrgmyN0EdmiHyG2V+fqReiVi8bM9cRdMaKQOFg=",
        "owner": "numtide",
        "repo": "flake-utils",
        "rev": "b543720b25df6ffdfcf9227afafc5b8c1fabfae8",
        "type": "github"
      },
      "original": {
        "owner": "numtide",
        "repo": "flake-utils",
        "type": "github"
      }
    },
    "flake-utils_4": {
      "locked": {
        "lastModified": 1619345332,
        "narHash": "sha256-qHnQkEp1uklKTpx3MvKtY6xzgcqXDsz5nLilbbuL+3A=",
        "owner": "numtide",
        "repo": "flake-utils",
        "rev": "2ebf2558e5bf978c7fb8ea927dfaed8fefab2e28",
        "type": "github"
      },
      "original": {
        "owner": "numtide",
        "repo": "flake-utils",
        "type": "github"
      }
    },
    "flake-utils_5": {
      "locked": {
        "lastModified": 1620759905,
        "narHash": "sha256-WiyWawrgmyN0EdmiHyG2V+fqReiVi8bM9cRdMaKQOFg=",
        "owner": "numtide",
        "repo": "flake-utils",
        "rev": "b543720b25df6ffdfcf9227afafc5b8c1fabfae8",
        "type": "github"
      },
      "original": {
        "owner": "numtide",
        "repo": "flake-utils",
        "type": "github"
      }
    },
    "flake-utils_6": {
      "locked": {
        "lastModified": 1620759905,
        "narHash": "sha256-WiyWawrgmyN0EdmiHyG2V+fqReiVi8bM9cRdMaKQOFg=",
        "owner": "numtide",
        "repo": "flake-utils",
        "rev": "b543720b25df6ffdfcf9227afafc5b8c1fabfae8",
        "type": "github"
      },
      "original": {
        "owner": "numtide",
        "repo": "flake-utils",
        "type": "github"
      }
    },
    "flake-utils_7": {
      "locked": {
        "lastModified": 1623875721,
        "narHash": "sha256-A8BU7bjS5GirpAUv4QA+QnJ4CceLHkcXdRp4xITDB0s=",
        "owner": "numtide",
        "repo": "flake-utils",
        "rev": "f7e004a55b120c02ecb6219596820fcd32ca8772",
        "type": "github"
      },
      "original": {
        "owner": "numtide",
        "repo": "flake-utils",
        "type": "github"
      }
    },
    "flake-utils_8": {
      "locked": {
        "lastModified": 1620759905,
        "narHash": "sha256-WiyWawrgmyN0EdmiHyG2V+fqReiVi8bM9cRdMaKQOFg=",
        "owner": "numtide",
        "repo": "flake-utils",
        "rev": "b543720b25df6ffdfcf9227afafc5b8c1fabfae8",
        "type": "github"
      },
      "original": {
        "owner": "numtide",
        "repo": "flake-utils",
        "type": "github"
      }
    },
    "flake-utils_9": {
      "locked": {
        "lastModified": 1623875721,
        "narHash": "sha256-A8BU7bjS5GirpAUv4QA+QnJ4CceLHkcXdRp4xITDB0s=",
        "owner": "numtide",
        "repo": "flake-utils",
        "rev": "f7e004a55b120c02ecb6219596820fcd32ca8772",
        "type": "github"
      },
      "original": {
        "owner": "numtide",
        "repo": "flake-utils",
        "type": "github"
      }
    },
    "nixpkgs": {
      "locked": {
        "lastModified": 1624731051,
        "narHash": "sha256-/v4wwmiZPSp0SJUf4gZiEi3CDaZdKMbkcduf1eDIh7k=",
        "owner": "NixOS",
        "repo": "nixpkgs",
        "rev": "8b705c3ffe70e59f1f1c23f3da31cb46f91879f0",
        "type": "github"
      },
      "original": {
        "id": "nixpkgs",
        "ref": "release-21.05",
        "type": "indirect"
      }
    },
    "nixpkgs-hardenedlinux": {
      "inputs": {
        "devshell-flake": "devshell-flake_2",
        "flake-compat": "flake-compat_2",
        "flake-utils": "flake-utils_2",
        "nixpkgs": "nixpkgs_2",
        "nvfetcher": "nvfetcher",
        "spicy": "spicy"
      },
      "locked": {
        "lastModified": 1624826468,
        "narHash": "sha256-L2ofVXp6uetgrUfecG/KwGOwnK7p89DzVqAMrPym//A=",
        "owner": "hardenedlinux",
        "repo": "nixpkgs-hardenedlinux",
        "rev": "6d62211b1f335c13a761baa4b8497933eaa58af1",
        "type": "github"
      },
      "original": {
        "owner": "hardenedlinux",
        "repo": "nixpkgs-hardenedlinux",
        "type": "github"
      }
    },
    "nixpkgs_2": {
      "locked": {
        "lastModified": 1624731051,
        "narHash": "sha256-/v4wwmiZPSp0SJUf4gZiEi3CDaZdKMbkcduf1eDIh7k=",
        "owner": "NixOS",
        "repo": "nixpkgs",
        "rev": "8b705c3ffe70e59f1f1c23f3da31cb46f91879f0",
        "type": "github"
      },
      "original": {
        "id": "nixpkgs",
        "ref": "release-21.05",
        "type": "indirect"
      }
    },
    "nixpkgs_3": {
      "locked": {
        "lastModified": 1618358406,
        "narHash": "sha256-BTdYXQqBjyBfw1BkkGHW+EPHY6IPGGguAPvEbmAWmGA=",
        "owner": "NixOS",
        "repo": "nixpkgs",
        "rev": "ccabc238a8bd142e58c2cd8db8ebd78ab38555d9",
        "type": "github"
      },
      "original": {
        "id": "nixpkgs",
        "rev": "ccabc238a8bd142e58c2cd8db8ebd78ab38555d9",
        "type": "indirect"
      }
    },
    "nixpkgs_4": {
      "locked": {
        "lastModified": 1624779736,
        "narHash": "sha256-+65QTC3QQlAqiSwZc9v2wl0aBtjHnYz/jL2+iG+Tziw=",
        "owner": "NixOS",
        "repo": "nixpkgs",
        "rev": "a58ab1cef09f361b11469e5f55cb4197855a0a29",
        "type": "github"
      },
      "original": {
        "id": "nixpkgs",
        "ref": "release-21.05",
        "type": "indirect"
      }
    },
    "nixpkgs_5": {
      "locked": {
        "lastModified": 1624058581,
        "narHash": "sha256-v1HEg8yiJ/HoC/Rg6ZZJ0762A4apAMmC20ytcVjf2nM=",
        "owner": "NixOS",
        "repo": "nixpkgs",
        "rev": "3532b90afe69b3f565167e84856001e0240df032",
        "type": "github"
      },
      "original": {
        "id": "nixpkgs",
        "ref": "release-21.05",
        "type": "indirect"
      }
    },
    "nixpkgs_6": {
      "locked": {
        "lastModified": 1624779736,
        "narHash": "sha256-+65QTC3QQlAqiSwZc9v2wl0aBtjHnYz/jL2+iG+Tziw=",
        "owner": "NixOS",
        "repo": "nixpkgs",
        "rev": "a58ab1cef09f361b11469e5f55cb4197855a0a29",
        "type": "github"
      },
      "original": {
        "id": "nixpkgs",
        "ref": "release-21.05",
        "type": "indirect"
      }
    },
    "nvfetcher": {
      "inputs": {
        "flake-compat": "flake-compat_3",
        "flake-utils": "flake-utils_3",
        "nixpkgs": [
          "nixpkgs"
        ]
      },
      "locked": {
        "lastModified": 1624534673,
        "narHash": "sha256-7HWt8Xh4aIFfGKAFQus5euhYxcWLe6kXz1DsGuV0WbU=",
        "owner": "berberman",
        "repo": "nvfetcher",
        "rev": "a8514f53c7999d23b48d2f42de63660bc3d7850f",
        "type": "github"
      },
      "original": {
        "owner": "berberman",
        "repo": "nvfetcher",
        "type": "github"
      }
    },
    "nvfetcher-flake": {
      "inputs": {
        "flake-compat": "flake-compat_5",
        "flake-utils": "flake-utils_5",
        "nixpkgs": [
          "nixpkgs-hardenedlinux",
          "spicy",
          "nixpkgs"
        ]
      },
      "locked": {
        "lastModified": 1621996282,
        "narHash": "sha256-xOS+CkxTqj6Gux4KbAoOsieVDTL1/v5YVzVsnbmLErA=",
        "owner": "berberman",
        "repo": "nvfetcher",
        "rev": "ba41376a1db91fc53c50152271013ede397b9d3e",
        "type": "github"
      },
      "original": {
        "owner": "berberman",
        "repo": "nvfetcher",
        "type": "github"
      }
    },
    "nvfetcher_2": {
      "inputs": {
        "flake-compat": "flake-compat_6",
        "flake-utils": "flake-utils_6",
        "nixpkgs": [
          "nixpkgs"
        ]
      },
      "locked": {
        "lastModified": 1624534673,
        "narHash": "sha256-7HWt8Xh4aIFfGKAFQus5euhYxcWLe6kXz1DsGuV0WbU=",
        "owner": "berberman",
        "repo": "nvfetcher",
        "rev": "a8514f53c7999d23b48d2f42de63660bc3d7850f",
        "type": "github"
      },
      "original": {
        "owner": "berberman",
        "repo": "nvfetcher",
        "type": "github"
      }
    },
    "nvfetcher_3": {
      "inputs": {
        "flake-compat": "flake-compat_8",
        "flake-utils": "flake-utils_8",
        "nixpkgs": [
          "nixpkgs"
        ]
      },
      "locked": {
        "lastModified": 1624534673,
        "narHash": "sha256-7HWt8Xh4aIFfGKAFQus5euhYxcWLe6kXz1DsGuV0WbU=",
        "owner": "berberman",
        "repo": "nvfetcher",
        "rev": "a8514f53c7999d23b48d2f42de63660bc3d7850f",
        "type": "github"
      },
      "original": {
        "owner": "berberman",
        "repo": "nvfetcher",
        "type": "github"
      }
    },
    "nvfetcher_4": {
      "inputs": {
        "flake-compat": "flake-compat_10",
        "flake-utils": "flake-utils_10",
        "nixpkgs": [
          "nixpkgs"
        ]
      },
      "locked": {
        "lastModified": 1624534673,
        "narHash": "sha256-7HWt8Xh4aIFfGKAFQus5euhYxcWLe6kXz1DsGuV0WbU=",
        "owner": "berberman",
        "repo": "nvfetcher",
        "rev": "a8514f53c7999d23b48d2f42de63660bc3d7850f",
        "type": "github"
      },
      "original": {
        "owner": "berberman",
        "repo": "nvfetcher",
        "type": "github"
      }
    },
    "nvfetcher_5": {
      "inputs": {
        "flake-compat": "flake-compat_12",
        "flake-utils": "flake-utils_12",
        "nixpkgs": [
          "nixpkgs"
        ]
      },
      "locked": {
        "lastModified": 1624534673,
        "narHash": "sha256-7HWt8Xh4aIFfGKAFQus5euhYxcWLe6kXz1DsGuV0WbU=",
        "owner": "berberman",
        "repo": "nvfetcher",
        "rev": "a8514f53c7999d23b48d2f42de63660bc3d7850f",
        "type": "github"
      },
      "original": {
        "owner": "berberman",
        "repo": "nvfetcher",
        "type": "github"
      }
    },
    "root": {
      "inputs": {
        "devshell-flake": "devshell-flake",
        "flake-compat": "flake-compat",
        "flake-utils": "flake-utils",
        "nixpkgs": "nixpkgs",
        "nixpkgs-hardenedlinux": "nixpkgs-hardenedlinux",
        "nvfetcher": "nvfetcher_2",
        "spicy-with-nix-flake": "spicy-with-nix-flake",
        "zeek2nix": "zeek2nix"
      }
    },
    "spicy": {
      "inputs": {
        "devshell-flake": "devshell-flake_3",
        "flake-compat": "flake-compat_4",
        "flake-utils": "flake-utils_4",
        "nixpkgs": "nixpkgs_3",
        "nvfetcher-flake": "nvfetcher-flake"
      },
      "locked": {
        "lastModified": 1621998774,
        "narHash": "sha256-Dc/pHr45ApSJIknTqvmxueZbxUSvSbsdKiliIZXQeIs=",
        "owner": "GTrunSec",
        "repo": "spicy-with-nix-flake",
        "rev": "c6f4e3517510f04f7666abd53e3810a707e0dda0",
        "type": "github"
      },
      "original": {
        "owner": "GTrunSec",
        "repo": "spicy-with-nix-flake",
        "type": "github"
      }
    },
    "spicy-with-nix-flake": {
      "inputs": {
        "devshell-flake": "devshell-flake_4",
        "flake-compat": "flake-compat_7",
        "flake-utils": "flake-utils_7",
        "nixpkgs": "nixpkgs_4",
        "nvfetcher": "nvfetcher_3"
      },
      "locked": {
        "lastModified": 1624814511,
        "narHash": "sha256-8uUo3r5Gb/Tf9yxK68M92D5cGU4TFyeAv6+CcOUejeM=",
        "owner": "GTrunSec",
        "repo": "spicy-with-nix-flake",
        "rev": "d83a8bb8b30e57a8a4d9e2554d2a4e03fcbdf332",
        "type": "github"
      },
      "original": {
        "owner": "GTrunSec",
        "repo": "spicy-with-nix-flake",
        "type": "github"
      }
    },
    "spicy-with-nix-flake_2": {
      "inputs": {
        "devshell-flake": "devshell-flake_6",
        "flake-compat": "flake-compat_11",
        "flake-utils": "flake-utils_11",
        "nixpkgs": "nixpkgs_6",
        "nvfetcher": "nvfetcher_5"
      },
      "locked": {
        "lastModified": 1624814511,
        "narHash": "sha256-8uUo3r5Gb/Tf9yxK68M92D5cGU4TFyeAv6+CcOUejeM=",
        "owner": "GTrunSec",
        "repo": "spicy-with-nix-flake",
        "rev": "d83a8bb8b30e57a8a4d9e2554d2a4e03fcbdf332",
        "type": "github"
      },
      "original": {
        "owner": "GTrunSec",
        "repo": "spicy-with-nix-flake",
        "type": "github"
      }
    },
    "zeek2nix": {
      "inputs": {
        "devshell-flake": "devshell-flake_5",
        "flake-compat": "flake-compat_9",
        "flake-utils": "flake-utils_9",
        "nixpkgs": "nixpkgs_5",
        "nvfetcher": "nvfetcher_4",
        "spicy-with-nix-flake": "spicy-with-nix-flake_2"
      },
      "locked": {
        "lastModified": 1624821078,
        "narHash": "sha256-G51TWwEP+LNkWkB7aPys8h29cihuxhrfgM7tRdC3xww=",
        "owner": "hardenedlinux",
        "repo": "zeek-nix",
        "rev": "7a27d26151e759cb4ecb16495041c72c3e0cf109",
        "type": "github"
      },
      "original": {
        "owner": "hardenedlinux",
        "repo": "zeek-nix",
        "type": "github"
      }
    }
  },
  "root": "root",
  "version": 7
}
