{
  "nodes": {
    "devshell": {
      "locked": {
        "lastModified": 1632436039,
        "narHash": "sha256-OtITeVWcKXn1SpVEnImpTGH91FycCskGBPqmlxiykv4=",
        "owner": "numtide",
        "repo": "devshell",
        "rev": "7a7a7aa0adebe5488e5abaec688fd9ae0f8ea9c6",
        "type": "github"
      },
      "original": {
        "owner": "numtide",
        "repo": "devshell",
        "type": "github"
      }
    },
    "devshell-flake": {
      "locked": {
        "lastModified": 1632436039,
        "narHash": "sha256-OtITeVWcKXn1SpVEnImpTGH91FycCskGBPqmlxiykv4=",
        "owner": "numtide",
        "repo": "devshell",
        "rev": "7a7a7aa0adebe5488e5abaec688fd9ae0f8ea9c6",
        "type": "github"
      },
      "original": {
        "owner": "numtide",
        "repo": "devshell",
        "type": "github"
      }
    },
    "devshell-flake_2": {
      "flake": false,
      "locked": {
        "lastModified": 1630239564,
        "narHash": "sha256-lv7atkVE1+dFw0llmzONsbSIo5ao85KpNSRoFk4K8vU=",
        "owner": "numtide",
        "repo": "devshell",
        "rev": "bd86d3a2bb28ce4d223315e0eca0d59fef8a0a73",
        "type": "github"
      },
      "original": {
        "owner": "numtide",
        "repo": "devshell",
        "type": "github"
      }
    },
    "devshell-flake_3": {
      "locked": {
        "lastModified": 1630239564,
        "narHash": "sha256-lv7atkVE1+dFw0llmzONsbSIo5ao85KpNSRoFk4K8vU=",
        "owner": "numtide",
        "repo": "devshell",
        "rev": "bd86d3a2bb28ce4d223315e0eca0d59fef8a0a73",
        "type": "github"
      },
      "original": {
        "owner": "numtide",
        "repo": "devshell",
        "type": "github"
      }
    },
    "devshell-flake_4": {
      "flake": false,
      "locked": {
        "lastModified": 1630239564,
        "narHash": "sha256-lv7atkVE1+dFw0llmzONsbSIo5ao85KpNSRoFk4K8vU=",
        "owner": "numtide",
        "repo": "devshell",
        "rev": "bd86d3a2bb28ce4d223315e0eca0d59fef8a0a73",
        "type": "github"
      },
      "original": {
        "owner": "numtide",
        "repo": "devshell",
        "type": "github"
      }
    },
    "flake-compat": {
      "flake": false,
      "locked": {
        "lastModified": 1627913399,
        "narHash": "sha256-hY8g6H2KFL8ownSiFeMOjwPC8P0ueXpCVEbxgda3pko=",
        "owner": "edolstra",
        "repo": "flake-compat",
        "rev": "12c64ca55c1014cdc1b16ed5a804aa8576601ff2",
        "type": "github"
      },
      "original": {
        "owner": "edolstra",
        "repo": "flake-compat",
        "type": "github"
      }
    },
    "flake-compat_10": {
      "flake": false,
      "locked": {
        "lastModified": 1627913399,
        "narHash": "sha256-hY8g6H2KFL8ownSiFeMOjwPC8P0ueXpCVEbxgda3pko=",
        "owner": "edolstra",
        "repo": "flake-compat",
        "rev": "12c64ca55c1014cdc1b16ed5a804aa8576601ff2",
        "type": "github"
      },
      "original": {
        "owner": "edolstra",
        "repo": "flake-compat",
        "type": "github"
      }
    },
    "flake-compat_11": {
      "flake": false,
      "locked": {
        "lastModified": 1627913399,
        "narHash": "sha256-hY8g6H2KFL8ownSiFeMOjwPC8P0ueXpCVEbxgda3pko=",
        "owner": "edolstra",
        "repo": "flake-compat",
        "rev": "12c64ca55c1014cdc1b16ed5a804aa8576601ff2",
        "type": "github"
      },
      "original": {
        "owner": "edolstra",
        "repo": "flake-compat",
        "type": "github"
      }
    },
    "flake-compat_2": {
      "flake": false,
      "locked": {
        "lastModified": 1627913399,
        "narHash": "sha256-hY8g6H2KFL8ownSiFeMOjwPC8P0ueXpCVEbxgda3pko=",
        "owner": "edolstra",
        "repo": "flake-compat",
        "rev": "12c64ca55c1014cdc1b16ed5a804aa8576601ff2",
        "type": "github"
      },
      "original": {
        "owner": "edolstra",
        "repo": "flake-compat",
        "type": "github"
      }
    },
    "flake-compat_3": {
      "flake": false,
      "locked": {
        "lastModified": 1627913399,
        "narHash": "sha256-hY8g6H2KFL8ownSiFeMOjwPC8P0ueXpCVEbxgda3pko=",
        "owner": "edolstra",
        "repo": "flake-compat",
        "rev": "12c64ca55c1014cdc1b16ed5a804aa8576601ff2",
        "type": "github"
      },
      "original": {
        "owner": "edolstra",
        "repo": "flake-compat",
        "type": "github"
      }
    },
    "flake-compat_4": {
      "flake": false,
      "locked": {
        "lastModified": 1627913399,
        "narHash": "sha256-hY8g6H2KFL8ownSiFeMOjwPC8P0ueXpCVEbxgda3pko=",
        "owner": "edolstra",
        "repo": "flake-compat",
        "rev": "12c64ca55c1014cdc1b16ed5a804aa8576601ff2",
        "type": "github"
      },
      "original": {
        "owner": "edolstra",
        "repo": "flake-compat",
        "type": "github"
      }
    },
    "flake-compat_5": {
      "flake": false,
      "locked": {
        "lastModified": 1627913399,
        "narHash": "sha256-hY8g6H2KFL8ownSiFeMOjwPC8P0ueXpCVEbxgda3pko=",
        "owner": "edolstra",
        "repo": "flake-compat",
        "rev": "12c64ca55c1014cdc1b16ed5a804aa8576601ff2",
        "type": "github"
      },
      "original": {
        "owner": "edolstra",
        "repo": "flake-compat",
        "type": "github"
      }
    },
    "flake-compat_6": {
      "flake": false,
      "locked": {
        "lastModified": 1627913399,
        "narHash": "sha256-hY8g6H2KFL8ownSiFeMOjwPC8P0ueXpCVEbxgda3pko=",
        "owner": "edolstra",
        "repo": "flake-compat",
        "rev": "12c64ca55c1014cdc1b16ed5a804aa8576601ff2",
        "type": "github"
      },
      "original": {
        "owner": "edolstra",
        "repo": "flake-compat",
        "type": "github"
      }
    },
    "flake-compat_7": {
      "flake": false,
      "locked": {
        "lastModified": 1627913399,
        "narHash": "sha256-hY8g6H2KFL8ownSiFeMOjwPC8P0ueXpCVEbxgda3pko=",
        "owner": "edolstra",
        "repo": "flake-compat",
        "rev": "12c64ca55c1014cdc1b16ed5a804aa8576601ff2",
        "type": "github"
      },
      "original": {
        "owner": "edolstra",
        "repo": "flake-compat",
        "type": "github"
      }
    },
    "flake-compat_8": {
      "flake": false,
      "locked": {
        "lastModified": 1627913399,
        "narHash": "sha256-hY8g6H2KFL8ownSiFeMOjwPC8P0ueXpCVEbxgda3pko=",
        "owner": "edolstra",
        "repo": "flake-compat",
        "rev": "12c64ca55c1014cdc1b16ed5a804aa8576601ff2",
        "type": "github"
      },
      "original": {
        "owner": "edolstra",
        "repo": "flake-compat",
        "type": "github"
      }
    },
    "flake-compat_9": {
      "flake": false,
      "locked": {
        "lastModified": 1627913399,
        "narHash": "sha256-hY8g6H2KFL8ownSiFeMOjwPC8P0ueXpCVEbxgda3pko=",
        "owner": "edolstra",
        "repo": "flake-compat",
        "rev": "12c64ca55c1014cdc1b16ed5a804aa8576601ff2",
        "type": "github"
      },
      "original": {
        "owner": "edolstra",
        "repo": "flake-compat",
        "type": "github"
      }
    },
    "flake-utils": {
      "locked": {
        "lastModified": 1601282935,
        "narHash": "sha256-WQAFV6sGGQxrRs3a+/Yj9xUYvhTpukQJIcMbIi7LCJ4=",
        "owner": "numtide",
        "repo": "flake-utils",
        "rev": "588973065fce51f4763287f0fda87a174d78bf48",
        "type": "github"
      },
      "original": {
        "owner": "numtide",
        "repo": "flake-utils",
        "type": "github"
      }
    },
    "flake-utils_10": {
      "locked": {
        "lastModified": 1629481132,
        "narHash": "sha256-JHgasjPR0/J1J3DRm4KxM4zTyAj4IOJY8vIl75v/kPI=",
        "owner": "numtide",
        "repo": "flake-utils",
        "rev": "997f7efcb746a9c140ce1f13c72263189225f482",
        "type": "github"
      },
      "original": {
        "owner": "numtide",
        "repo": "flake-utils",
        "type": "github"
      }
    },
    "flake-utils_11": {
      "locked": {
        "lastModified": 1601282935,
        "narHash": "sha256-WQAFV6sGGQxrRs3a+/Yj9xUYvhTpukQJIcMbIi7LCJ4=",
        "owner": "numtide",
        "repo": "flake-utils",
        "rev": "588973065fce51f4763287f0fda87a174d78bf48",
        "type": "github"
      },
      "original": {
        "owner": "numtide",
        "repo": "flake-utils",
        "type": "github"
      }
    },
    "flake-utils_12": {
      "locked": {
        "lastModified": 1623875721,
        "narHash": "sha256-A8BU7bjS5GirpAUv4QA+QnJ4CceLHkcXdRp4xITDB0s=",
        "owner": "numtide",
        "repo": "flake-utils",
        "rev": "f7e004a55b120c02ecb6219596820fcd32ca8772",
        "type": "github"
      },
      "original": {
        "owner": "numtide",
        "repo": "flake-utils",
        "type": "github"
      }
    },
    "flake-utils_13": {
      "locked": {
        "lastModified": 1629481132,
        "narHash": "sha256-JHgasjPR0/J1J3DRm4KxM4zTyAj4IOJY8vIl75v/kPI=",
        "owner": "numtide",
        "repo": "flake-utils",
        "rev": "997f7efcb746a9c140ce1f13c72263189225f482",
        "type": "github"
      },
      "original": {
        "owner": "numtide",
        "repo": "flake-utils",
        "type": "github"
      }
    },
    "flake-utils_14": {
      "locked": {
        "lastModified": 1623875721,
        "narHash": "sha256-A8BU7bjS5GirpAUv4QA+QnJ4CceLHkcXdRp4xITDB0s=",
        "owner": "numtide",
        "repo": "flake-utils",
        "rev": "f7e004a55b120c02ecb6219596820fcd32ca8772",
        "type": "github"
      },
      "original": {
        "owner": "numtide",
        "repo": "flake-utils",
        "type": "github"
      }
    },
    "flake-utils_2": {
      "locked": {
        "lastModified": 1623875721,
        "narHash": "sha256-A8BU7bjS5GirpAUv4QA+QnJ4CceLHkcXdRp4xITDB0s=",
        "owner": "numtide",
        "repo": "flake-utils",
        "rev": "f7e004a55b120c02ecb6219596820fcd32ca8772",
        "type": "github"
      },
      "original": {
        "owner": "numtide",
        "repo": "flake-utils",
        "type": "github"
      }
    },
    "flake-utils_3": {
      "locked": {
        "lastModified": 1629481132,
        "narHash": "sha256-JHgasjPR0/J1J3DRm4KxM4zTyAj4IOJY8vIl75v/kPI=",
        "owner": "numtide",
        "repo": "flake-utils",
        "rev": "997f7efcb746a9c140ce1f13c72263189225f482",
        "type": "github"
      },
      "original": {
        "owner": "numtide",
        "repo": "flake-utils",
        "type": "github"
      }
    },
    "flake-utils_4": {
      "locked": {
        "lastModified": 1629481132,
        "narHash": "sha256-JHgasjPR0/J1J3DRm4KxM4zTyAj4IOJY8vIl75v/kPI=",
        "owner": "numtide",
        "repo": "flake-utils",
        "rev": "997f7efcb746a9c140ce1f13c72263189225f482",
        "type": "github"
      },
      "original": {
        "owner": "numtide",
        "repo": "flake-utils",
        "type": "github"
      }
    },
    "flake-utils_5": {
      "locked": {
        "lastModified": 1629481132,
        "narHash": "sha256-JHgasjPR0/J1J3DRm4KxM4zTyAj4IOJY8vIl75v/kPI=",
        "owner": "numtide",
        "repo": "flake-utils",
        "rev": "997f7efcb746a9c140ce1f13c72263189225f482",
        "type": "github"
      },
      "original": {
        "owner": "numtide",
        "repo": "flake-utils",
        "type": "github"
      }
    },
    "flake-utils_6": {
      "locked": {
        "lastModified": 1601282935,
        "narHash": "sha256-WQAFV6sGGQxrRs3a+/Yj9xUYvhTpukQJIcMbIi7LCJ4=",
        "owner": "numtide",
        "repo": "flake-utils",
        "rev": "588973065fce51f4763287f0fda87a174d78bf48",
        "type": "github"
      },
      "original": {
        "owner": "numtide",
        "repo": "flake-utils",
        "type": "github"
      }
    },
    "flake-utils_7": {
      "locked": {
        "lastModified": 1623875721,
        "narHash": "sha256-A8BU7bjS5GirpAUv4QA+QnJ4CceLHkcXdRp4xITDB0s=",
        "owner": "numtide",
        "repo": "flake-utils",
        "rev": "f7e004a55b120c02ecb6219596820fcd32ca8772",
        "type": "github"
      },
      "original": {
        "owner": "numtide",
        "repo": "flake-utils",
        "type": "github"
      }
    },
    "flake-utils_8": {
      "locked": {
        "lastModified": 1629481132,
        "narHash": "sha256-JHgasjPR0/J1J3DRm4KxM4zTyAj4IOJY8vIl75v/kPI=",
        "owner": "numtide",
        "repo": "flake-utils",
        "rev": "997f7efcb746a9c140ce1f13c72263189225f482",
        "type": "github"
      },
      "original": {
        "owner": "numtide",
        "repo": "flake-utils",
        "type": "github"
      }
    },
    "flake-utils_9": {
      "locked": {
        "lastModified": 1631561581,
        "narHash": "sha256-3VQMV5zvxaVLvqqUrNz3iJelLw30mIVSfZmAaauM3dA=",
        "owner": "numtide",
        "repo": "flake-utils",
        "rev": "7e5bf3925f6fbdfaf50a2a7ca0be2879c4261d19",
        "type": "github"
      },
      "original": {
        "owner": "numtide",
        "repo": "flake-utils",
        "type": "github"
      }
    },
    "gomod2nix": {
      "inputs": {
        "nixpkgs": [
          "nixpkgs-hardenedlinux",
          "nixpkgs"
        ],
        "utils": "utils"
      },
      "locked": {
        "lastModified": 1627572165,
        "narHash": "sha256-MFpwnkvQpauj799b4QTBJQFEddbD02+Ln5k92QyHOSk=",
        "owner": "tweag",
        "repo": "gomod2nix",
        "rev": "67f22dd738d092c6ba88e420350ada0ed4992ae8",
        "type": "github"
      },
      "original": {
        "owner": "tweag",
        "repo": "gomod2nix",
        "type": "github"
      }
    },
    "gomod2nix_2": {
      "inputs": {
        "nixpkgs": [
          "zeek2nix",
          "nixpkgs-hardenedlinux",
          "nixpkgs"
        ],
        "utils": "utils_3"
      },
      "locked": {
        "lastModified": 1627572165,
        "narHash": "sha256-MFpwnkvQpauj799b4QTBJQFEddbD02+Ln5k92QyHOSk=",
        "owner": "tweag",
        "repo": "gomod2nix",
        "rev": "67f22dd738d092c6ba88e420350ada0ed4992ae8",
        "type": "github"
      },
      "original": {
        "owner": "tweag",
        "repo": "gomod2nix",
        "type": "github"
      }
    },
    "gomod2nix_3": {
      "inputs": {
        "nixpkgs": [
          "zeek2nix",
          "spicy2nix",
          "nixpkgs-hardenedlinux",
          "nixpkgs"
        ],
        "utils": "utils_5"
      },
      "locked": {
        "lastModified": 1627572165,
        "narHash": "sha256-MFpwnkvQpauj799b4QTBJQFEddbD02+Ln5k92QyHOSk=",
        "owner": "tweag",
        "repo": "gomod2nix",
        "rev": "67f22dd738d092c6ba88e420350ada0ed4992ae8",
        "type": "github"
      },
      "original": {
        "owner": "tweag",
        "repo": "gomod2nix",
        "type": "github"
      }
    },
    "mach-nix": {
      "inputs": {
        "flake-utils": "flake-utils",
        "nixpkgs": "nixpkgs_2",
        "pypi-deps-db": [
          "nixpkgs-hardenedlinux",
          "pypi-deps-db"
        ]
      },
      "locked": {
        "lastModified": 1629464241,
        "narHash": "sha256-DLAVO2fyj5VxDf/7FoBsXZTQcz1/deJ9EFRqO9BD0tI=",
        "owner": "DavHau",
        "repo": "mach-nix",
        "rev": "d223656fc0eff33f4da77d69db19752edc9a5ba5",
        "type": "github"
      },
      "original": {
        "owner": "DavHau",
        "repo": "mach-nix",
        "type": "github"
      }
    },
    "mach-nix_2": {
      "inputs": {
        "flake-utils": "flake-utils_6",
        "nixpkgs": "nixpkgs_6",
        "pypi-deps-db": [
          "zeek2nix",
          "nixpkgs-hardenedlinux",
          "pypi-deps-db"
        ]
      },
      "locked": {
        "lastModified": 1629464241,
        "narHash": "sha256-DLAVO2fyj5VxDf/7FoBsXZTQcz1/deJ9EFRqO9BD0tI=",
        "owner": "DavHau",
        "repo": "mach-nix",
        "rev": "d223656fc0eff33f4da77d69db19752edc9a5ba5",
        "type": "github"
      },
      "original": {
        "owner": "DavHau",
        "repo": "mach-nix",
        "type": "github"
      }
    },
    "mach-nix_3": {
      "inputs": {
        "flake-utils": "flake-utils_11",
        "nixpkgs": "nixpkgs_10",
        "pypi-deps-db": [
          "zeek2nix",
          "spicy2nix",
          "nixpkgs-hardenedlinux",
          "pypi-deps-db"
        ]
      },
      "locked": {
        "lastModified": 1629464241,
        "narHash": "sha256-DLAVO2fyj5VxDf/7FoBsXZTQcz1/deJ9EFRqO9BD0tI=",
        "owner": "DavHau",
        "repo": "mach-nix",
        "rev": "d223656fc0eff33f4da77d69db19752edc9a5ba5",
        "type": "github"
      },
      "original": {
        "owner": "DavHau",
        "repo": "mach-nix",
        "type": "github"
      }
    },
    "microvm": {
      "inputs": {
        "flake-utils": "flake-utils_5",
        "nixpkgs": [
          "zeek2nix",
          "nixpkgs"
        ]
      },
      "locked": {
        "lastModified": 1631721967,
        "narHash": "sha256-qDTmmn/DF75FiiSoZ8I6zscR3zWD0mqoQeC4CRF4RIg=",
        "owner": "astro",
        "repo": "microvm.nix",
        "rev": "a7fc1d09ad63263a61a97415a05920cb895a8787",
        "type": "github"
      },
      "original": {
        "owner": "astro",
        "repo": "microvm.nix",
        "type": "github"
      }
    },
    "nixpkgs": {
      "locked": {
        "lastModified": 1632701959,
        "narHash": "sha256-CKh3O7CW+bowtTqmz5I1tfOk1Dcte3HxR3wiBxn+GP4=",
        "ref": "release-21.05",
        "rev": "8e1306519d5d820c3144089a3bbbc16991f4c1e3",
        "revCount": 294871,
        "type": "git",
        "url": "file:///nix/nixpkgs"
      },
      "original": {
        "id": "nixpkgs",
        "ref": "release-21.05",
        "type": "indirect"
      }
    },
    "nixpkgs-hardenedlinux": {
      "inputs": {
        "devshell": "devshell",
        "flake-compat": "flake-compat_2",
        "gomod2nix": "gomod2nix",
        "mach-nix": "mach-nix",
        "nixpkgs": "nixpkgs_3",
        "nvfetcher": "nvfetcher",
        "pypi-deps-db": "pypi-deps-db",
        "stable": "stable",
        "utils": "utils_2"
      },
      "locked": {
        "lastModified": 1632846488,
        "narHash": "sha256-vCcS/TX5Pp3PYpmtaNqzetkYaYA8xm9r1MGClN5473c=",
        "owner": "hardenedlinux",
        "repo": "nixpkgs-hardenedlinux",
        "rev": "239dba168295669e19cd817ea874ad63fdc99b51",
        "type": "github"
      },
      "original": {
        "owner": "hardenedlinux",
        "repo": "nixpkgs-hardenedlinux",
        "type": "github"
      }
    },
    "nixpkgs-hardenedlinux_2": {
      "inputs": {
        "devshell-flake": "devshell-flake_2",
        "flake-compat": "flake-compat_5",
        "gomod2nix": "gomod2nix_2",
        "mach-nix": "mach-nix_2",
        "nixpkgs": "nixpkgs_7",
        "nvfetcher": "nvfetcher_2",
        "pypi-deps-db": "pypi-deps-db_2",
        "stable": "stable_2",
        "utils": "utils_4"
      },
      "locked": {
        "lastModified": 1631001220,
        "narHash": "sha256-4h9mF1g+96TRHMcxoOoiY8oAc3oq3F/k3KDZGGXDBks=",
        "owner": "hardenedlinux",
        "repo": "nixpkgs-hardenedlinux",
        "rev": "9c32651b6370e70969ee0499f3b8f15e0d478fa8",
        "type": "github"
      },
      "original": {
        "owner": "hardenedlinux",
        "repo": "nixpkgs-hardenedlinux",
        "type": "github"
      }
    },
    "nixpkgs-hardenedlinux_3": {
      "inputs": {
        "devshell-flake": "devshell-flake_4",
        "flake-compat": "flake-compat_9",
        "gomod2nix": "gomod2nix_3",
        "mach-nix": "mach-nix_3",
        "nixpkgs": "nixpkgs_11",
        "nvfetcher": "nvfetcher_4",
        "pypi-deps-db": "pypi-deps-db_3",
        "stable": "stable_3",
        "utils": "utils_6"
      },
      "locked": {
        "lastModified": 1631034047,
        "narHash": "sha256-hWRxcIhfrsQEWSvY8FQLl23detbJ9K2tLTSO5z2jRn0=",
        "owner": "hardenedlinux",
        "repo": "nixpkgs-hardenedlinux",
        "rev": "1fa45c54be882639499f3114cec3e09879c96b4a",
        "type": "github"
      },
      "original": {
        "owner": "hardenedlinux",
        "repo": "nixpkgs-hardenedlinux",
        "type": "github"
      }
    },
    "nixpkgs_10": {
      "locked": {
        "lastModified": 1622797669,
        "narHash": "sha256-xIyWeoYExzF0KNaKcqfxEX58fN4JTIQxTJWbsAujllc=",
        "owner": "NixOS",
        "repo": "nixpkgs",
        "rev": "1ca6b0a0cc38dbba0441202535c92841dd39d1ae",
        "type": "github"
      },
      "original": {
        "id": "nixpkgs",
        "ref": "nixos-unstable",
        "type": "indirect"
      }
    },
    "nixpkgs_11": {
      "locked": {
        "lastModified": 1630964657,
        "narHash": "sha256-owGDhoOhY9AXsqkPvGJrprxfH3VEEiRmmzZiHy2bibM=",
        "ref": "release-21.05",
        "rev": "e421291bdd94c79d6ae98f05ed8f09412d0b6ad7",
        "revCount": 294475,
        "type": "git",
        "url": "file:///nix/nixpkgs"
      },
      "original": {
        "id": "nixpkgs",
        "ref": "release-21.05",
        "type": "indirect"
      }
    },
    "nixpkgs_12": {
      "locked": {
        "lastModified": 1627857416,
        "narHash": "sha256-AV0MsFVzbWI2MZbJ2j0kc8ooFLGSCZHuM9ipaWR9ds4=",
        "owner": "NixOS",
        "repo": "nixpkgs",
        "rev": "aaf9676fbb7fb4570216ca1e189a3dc769d62c45",
        "type": "github"
      },
      "original": {
        "owner": "NixOS",
        "ref": "nixos-unstable",
        "repo": "nixpkgs",
        "type": "github"
      }
    },
    "nixpkgs_13": {
      "locked": {
        "lastModified": 1627857416,
        "narHash": "sha256-AV0MsFVzbWI2MZbJ2j0kc8ooFLGSCZHuM9ipaWR9ds4=",
        "owner": "NixOS",
        "repo": "nixpkgs",
        "rev": "aaf9676fbb7fb4570216ca1e189a3dc769d62c45",
        "type": "github"
      },
      "original": {
        "owner": "NixOS",
        "ref": "nixos-unstable",
        "repo": "nixpkgs",
        "type": "github"
      }
    },
    "nixpkgs_2": {
      "locked": {
        "lastModified": 1622797669,
        "narHash": "sha256-xIyWeoYExzF0KNaKcqfxEX58fN4JTIQxTJWbsAujllc=",
        "owner": "NixOS",
        "repo": "nixpkgs",
        "rev": "1ca6b0a0cc38dbba0441202535c92841dd39d1ae",
        "type": "github"
      },
      "original": {
        "id": "nixpkgs",
        "ref": "nixos-unstable",
        "type": "indirect"
      }
    },
    "nixpkgs_3": {
      "locked": {
        "lastModified": 1632523841,
        "narHash": "sha256-tNAF2+yBX5F3pHEhYv+ge7FSx2ygrwhdPkD5ekGQAWE=",
        "ref": "release-21.05",
        "rev": "02b76b051510e4b2b2a25acea194c35fddf712e2",
        "revCount": 294836,
        "type": "git",
        "url": "file:///nix/nixpkgs"
      },
      "original": {
        "id": "nixpkgs",
        "ref": "release-21.05",
        "type": "indirect"
      }
    },
    "nixpkgs_4": {
      "locked": {
        "lastModified": 1627857416,
        "narHash": "sha256-AV0MsFVzbWI2MZbJ2j0kc8ooFLGSCZHuM9ipaWR9ds4=",
        "owner": "NixOS",
        "repo": "nixpkgs",
        "rev": "aaf9676fbb7fb4570216ca1e189a3dc769d62c45",
        "type": "github"
      },
      "original": {
        "owner": "NixOS",
        "ref": "nixos-unstable",
        "repo": "nixpkgs",
        "type": "github"
      }
    },
    "nixpkgs_5": {
      "locked": {
        "lastModified": 1630712682,
        "narHash": "sha256-I8GBHF7Em9x218GoKTiUDNDQ2XZeH1MIgQftQmthZcs=",
        "ref": "release-21.05",
        "rev": "90de298d1564756344ac124d084d44dbd1c89cdc",
        "revCount": 294415,
        "type": "git",
        "url": "file:///nix/nixpkgs"
      },
      "original": {
        "id": "nixpkgs",
        "ref": "release-21.05",
        "type": "indirect"
      }
    },
    "nixpkgs_6": {
      "locked": {
        "lastModified": 1622797669,
        "narHash": "sha256-xIyWeoYExzF0KNaKcqfxEX58fN4JTIQxTJWbsAujllc=",
        "owner": "NixOS",
        "repo": "nixpkgs",
        "rev": "1ca6b0a0cc38dbba0441202535c92841dd39d1ae",
        "type": "github"
      },
      "original": {
        "id": "nixpkgs",
        "ref": "nixos-unstable",
        "type": "indirect"
      }
    },
    "nixpkgs_7": {
      "locked": {
        "lastModified": 1630964657,
        "narHash": "sha256-owGDhoOhY9AXsqkPvGJrprxfH3VEEiRmmzZiHy2bibM=",
        "ref": "release-21.05",
        "rev": "e421291bdd94c79d6ae98f05ed8f09412d0b6ad7",
        "revCount": 294475,
        "type": "git",
        "url": "file:///nix/nixpkgs"
      },
      "original": {
        "id": "nixpkgs",
        "ref": "release-21.05",
        "type": "indirect"
      }
    },
    "nixpkgs_8": {
      "locked": {
        "lastModified": 1627857416,
        "narHash": "sha256-AV0MsFVzbWI2MZbJ2j0kc8ooFLGSCZHuM9ipaWR9ds4=",
        "owner": "NixOS",
        "repo": "nixpkgs",
        "rev": "aaf9676fbb7fb4570216ca1e189a3dc769d62c45",
        "type": "github"
      },
      "original": {
        "owner": "NixOS",
        "ref": "nixos-unstable",
        "repo": "nixpkgs",
        "type": "github"
      }
    },
    "nixpkgs_9": {
      "locked": {
        "lastModified": 1630230017,
        "narHash": "sha256-ClDrQP0azodSTRQ5Z6oC4ow7q347rPwhCX+B4MUOdaI=",
        "ref": "release-21.05",
        "rev": "7fc63651a2bcdf4257ec07d4bb572f59264a451b",
        "revCount": 294251,
        "type": "git",
        "url": "file:///nix/nixpkgs"
      },
      "original": {
        "id": "nixpkgs",
        "ref": "release-21.05",
        "type": "indirect"
      }
    },
    "nvfetcher": {
      "inputs": {
        "flake-compat": "flake-compat_3",
        "flake-utils": "flake-utils_2",
        "nixpkgs": "nixpkgs_4"
      },
      "locked": {
        "lastModified": 1628690139,
        "narHash": "sha256-9bk59V0YjZnMfSQMCHuYVPA/Bc3enjTtoyTWt1B3/zE=",
        "owner": "berberman",
        "repo": "nvfetcher",
        "rev": "e9600782adbf6fb8217087bd2f05335cad96e542",
        "type": "github"
      },
      "original": {
        "owner": "berberman",
        "repo": "nvfetcher",
        "type": "github"
      }
    },
    "nvfetcher_2": {
      "inputs": {
        "flake-compat": "flake-compat_6",
        "flake-utils": "flake-utils_7",
        "nixpkgs": "nixpkgs_8"
      },
      "locked": {
        "lastModified": 1628690139,
        "narHash": "sha256-9bk59V0YjZnMfSQMCHuYVPA/Bc3enjTtoyTWt1B3/zE=",
        "owner": "berberman",
        "repo": "nvfetcher",
        "rev": "e9600782adbf6fb8217087bd2f05335cad96e542",
        "type": "github"
      },
      "original": {
        "owner": "berberman",
        "repo": "nvfetcher",
        "type": "github"
      }
    },
    "nvfetcher_3": {
      "inputs": {
        "flake-compat": "flake-compat_7",
        "flake-utils": "flake-utils_9",
        "nixpkgs": [
          "zeek2nix",
          "nixpkgs"
        ]
      },
      "locked": {
        "lastModified": 1632700276,
        "narHash": "sha256-XABvQUq2qv+YcQxW93DnU8mgtVsGJWyhcznny/Lbp0Q=",
        "owner": "berberman",
        "repo": "nvfetcher",
        "rev": "248fe98ed1bc352ce164d08a9e76fdc5f301ba2d",
        "type": "github"
      },
      "original": {
        "owner": "berberman",
        "repo": "nvfetcher",
        "type": "github"
      }
    },
    "nvfetcher_4": {
      "inputs": {
        "flake-compat": "flake-compat_10",
        "flake-utils": "flake-utils_12",
        "nixpkgs": "nixpkgs_12"
      },
      "locked": {
        "lastModified": 1628690139,
        "narHash": "sha256-9bk59V0YjZnMfSQMCHuYVPA/Bc3enjTtoyTWt1B3/zE=",
        "owner": "berberman",
        "repo": "nvfetcher",
        "rev": "e9600782adbf6fb8217087bd2f05335cad96e542",
        "type": "github"
      },
      "original": {
        "owner": "berberman",
        "repo": "nvfetcher",
        "type": "github"
      }
    },
    "nvfetcher_5": {
      "inputs": {
        "flake-compat": "flake-compat_11",
        "flake-utils": "flake-utils_14",
        "nixpkgs": "nixpkgs_13"
      },
      "locked": {
        "lastModified": 1628690139,
        "narHash": "sha256-9bk59V0YjZnMfSQMCHuYVPA/Bc3enjTtoyTWt1B3/zE=",
        "owner": "berberman",
        "repo": "nvfetcher",
        "rev": "e9600782adbf6fb8217087bd2f05335cad96e542",
        "type": "github"
      },
      "original": {
        "owner": "berberman",
        "repo": "nvfetcher",
        "type": "github"
      }
    },
    "pypi-deps-db": {
      "flake": false,
      "locked": {
        "lastModified": 1631650513,
        "narHash": "sha256-gx0UbCDeXVDOdmkRX41+W0S8GxN2W8jNFdcBqx57GvI=",
        "owner": "DavHau",
        "repo": "pypi-deps-db",
        "rev": "674459b53563c5d115f53ef79193c04ec0be57ce",
        "type": "github"
      },
      "original": {
        "owner": "DavHau",
        "repo": "pypi-deps-db",
        "type": "github"
      }
    },
    "pypi-deps-db_2": {
      "flake": false,
      "locked": {
        "lastModified": 1630959298,
        "narHash": "sha256-elhmuLn7Ar8OfiMIHq1NVJvRc7Ah/1dq4z+/PuLx3bA=",
        "owner": "DavHau",
        "repo": "pypi-deps-db",
        "rev": "fc315a802e0d08944ccc515db11bdd7804b829e8",
        "type": "github"
      },
      "original": {
        "owner": "DavHau",
        "repo": "pypi-deps-db",
        "type": "github"
      }
    },
    "pypi-deps-db_3": {
      "flake": false,
      "locked": {
        "lastModified": 1630959298,
        "narHash": "sha256-elhmuLn7Ar8OfiMIHq1NVJvRc7Ah/1dq4z+/PuLx3bA=",
        "owner": "DavHau",
        "repo": "pypi-deps-db",
        "rev": "fc315a802e0d08944ccc515db11bdd7804b829e8",
        "type": "github"
      },
      "original": {
        "owner": "DavHau",
        "repo": "pypi-deps-db",
        "type": "github"
      }
    },
    "root": {
      "inputs": {
        "devshell-flake": [
          "zeek2nix",
          "devshell-flake"
        ],
        "flake-compat": "flake-compat",
        "flake-utils": [
          "zeek2nix",
          "flake-utils"
        ],
        "gomod2nix": [
          "nixpkgs-hardenedlinux",
          "gomod2nix"
        ],
        "nixpkgs": "nixpkgs",
        "nixpkgs-hardenedlinux": "nixpkgs-hardenedlinux",
        "nvfetcher": [
          "zeek2nix",
          "nvfetcher"
        ],
        "zeek2nix": "zeek2nix"
      }
    },
    "spicy2nix": {
      "inputs": {
        "devshell-flake": "devshell-flake_3",
        "flake-compat": "flake-compat_8",
        "flake-utils": "flake-utils_10",
        "nixpkgs": "nixpkgs_9",
        "nixpkgs-hardenedlinux": "nixpkgs-hardenedlinux_3",
        "nvfetcher": "nvfetcher_5"
      },
      "locked": {
        "lastModified": 1632366970,
        "narHash": "sha256-RQd909QHJgDtYGUNWgTntOcWlOU8rqf5gGR0qaXTZSM=",
        "owner": "GTrunSec",
        "repo": "spicy2nix",
        "rev": "cbf4b76bf9775f292fac9815aacccf06aeebe5fe",
        "type": "github"
      },
      "original": {
        "owner": "GTrunSec",
        "repo": "spicy2nix",
        "type": "github"
      }
    },
    "stable": {
      "locked": {
        "lastModified": 1625876282,
        "narHash": "sha256-z/Gv+11Uzdv3HcQCY+xGi1+iuc3rmCaPzxxDSMnuRAI=",
        "ref": "release-20.09",
        "rev": "068984c00e0d4e54b6684d98f6ac47c92dcb642e",
        "revCount": 247153,
        "type": "git",
        "url": "file:///nix/nixpkgs"
      },
      "original": {
        "id": "nixpkgs",
        "ref": "release-20.09",
        "type": "indirect"
      }
    },
    "stable_2": {
      "locked": {
        "lastModified": 1625876282,
        "narHash": "sha256-z/Gv+11Uzdv3HcQCY+xGi1+iuc3rmCaPzxxDSMnuRAI=",
        "ref": "release-20.09",
        "rev": "068984c00e0d4e54b6684d98f6ac47c92dcb642e",
        "revCount": 247153,
        "type": "git",
        "url": "file:///nix/nixpkgs"
      },
      "original": {
        "id": "nixpkgs",
        "ref": "release-20.09",
        "type": "indirect"
      }
    },
    "stable_3": {
      "locked": {
        "lastModified": 1625876282,
        "narHash": "sha256-z/Gv+11Uzdv3HcQCY+xGi1+iuc3rmCaPzxxDSMnuRAI=",
        "ref": "release-20.09",
        "rev": "068984c00e0d4e54b6684d98f6ac47c92dcb642e",
        "revCount": 247153,
        "type": "git",
        "url": "file:///nix/nixpkgs"
      },
      "original": {
        "id": "nixpkgs",
        "ref": "release-20.09",
        "type": "indirect"
      }
    },
    "utils": {
      "locked": {
        "lastModified": 1623875721,
        "narHash": "sha256-A8BU7bjS5GirpAUv4QA+QnJ4CceLHkcXdRp4xITDB0s=",
        "owner": "numtide",
        "repo": "flake-utils",
        "rev": "f7e004a55b120c02ecb6219596820fcd32ca8772",
        "type": "github"
      },
      "original": {
        "owner": "numtide",
        "repo": "flake-utils",
        "type": "github"
      }
    },
    "utils_2": {
      "inputs": {
        "flake-utils": "flake-utils_3"
      },
      "locked": {
        "lastModified": 1632420560,
        "narHash": "sha256-8Tsa4Hp/CHCA6J8/E7EODhp75z5N1NBhFiOb3lBv/tI=",
        "owner": "gytis-ivaskevicius",
        "repo": "flake-utils-plus",
        "rev": "4b1bcafcfcd78bd36ceabfe3872822ba5c7fcbe8",
        "type": "github"
      },
      "original": {
        "owner": "gytis-ivaskevicius",
        "repo": "flake-utils-plus",
        "type": "github"
      }
    },
    "utils_3": {
      "locked": {
        "lastModified": 1623875721,
        "narHash": "sha256-A8BU7bjS5GirpAUv4QA+QnJ4CceLHkcXdRp4xITDB0s=",
        "owner": "numtide",
        "repo": "flake-utils",
        "rev": "f7e004a55b120c02ecb6219596820fcd32ca8772",
        "type": "github"
      },
      "original": {
        "owner": "numtide",
        "repo": "flake-utils",
        "type": "github"
      }
    },
    "utils_4": {
      "inputs": {
        "flake-utils": "flake-utils_8"
      },
      "locked": {
        "lastModified": 1630871058,
        "narHash": "sha256-TAkWqc4b+ssyGb+jf5gcDskGWkPPbgHwzJKs4etU+LU=",
        "owner": "gytis-ivaskevicius",
        "repo": "flake-utils-plus",
        "rev": "afaa6ea2a7a1df5e000325739d98a32025979137",
        "type": "github"
      },
      "original": {
        "owner": "gytis-ivaskevicius",
        "repo": "flake-utils-plus",
        "type": "github"
      }
    },
    "utils_5": {
      "locked": {
        "lastModified": 1623875721,
        "narHash": "sha256-A8BU7bjS5GirpAUv4QA+QnJ4CceLHkcXdRp4xITDB0s=",
        "owner": "numtide",
        "repo": "flake-utils",
        "rev": "f7e004a55b120c02ecb6219596820fcd32ca8772",
        "type": "github"
      },
      "original": {
        "owner": "numtide",
        "repo": "flake-utils",
        "type": "github"
      }
    },
    "utils_6": {
      "inputs": {
        "flake-utils": "flake-utils_13"
      },
      "locked": {
        "lastModified": 1630871058,
        "narHash": "sha256-TAkWqc4b+ssyGb+jf5gcDskGWkPPbgHwzJKs4etU+LU=",
        "owner": "gytis-ivaskevicius",
        "repo": "flake-utils-plus",
        "rev": "afaa6ea2a7a1df5e000325739d98a32025979137",
        "type": "github"
      },
      "original": {
        "owner": "gytis-ivaskevicius",
        "repo": "flake-utils-plus",
        "type": "github"
      }
    },
    "zeek2nix": {
      "inputs": {
        "devshell-flake": "devshell-flake",
        "flake-compat": "flake-compat_4",
        "flake-utils": "flake-utils_4",
        "microvm": "microvm",
        "nixpkgs": "nixpkgs_5",
        "nixpkgs-hardenedlinux": "nixpkgs-hardenedlinux_2",
        "nvfetcher": "nvfetcher_3",
        "spicy2nix": "spicy2nix"
      },
      "locked": {
        "lastModified": 1632882895,
        "narHash": "sha256-ZZ18Y96A5G1TYU88HY1G8cX3JHC2EiVo8d4E6+udQi8=",
        "owner": "hardenedlinux",
        "repo": "zeek-nix",
        "rev": "eb118bcd7ba0057d9ccb524b07c8bf9c3e8424f9",
        "type": "github"
      },
      "original": {
        "owner": "hardenedlinux",
        "repo": "zeek-nix",
        "type": "github"
      }
    }
  },
  "root": "root",
  "version": 7
}
